
Microsoft Visual Studio Solution File, Format Version 12.00
# Visual Studio Version 16
VisualStudioVersion = 25.0.1700.5
MinimumVisualStudioVersion = 10.0.40219.1
Project("{FAE04EC0-301F-11D3-BF4B-00C04F79EFBC}") = "FirstBlazorApp", "FirstBlazorApp\FirstBlazorApp.csproj", "{961C7D4D-8DCB-4146-95D6-09655B494122}"
EndProject
Global
	GlobalSection(SolutionConfigurationPlatforms) = preSolution
		Debug|Any CPU = Debug|Any CPU
		Release|Any CPU = Release|Any CPU
	EndGlobalSection
	GlobalSection(ProjectConfigurationPlatforms) = postSolution
		{961C7D4D-8DCB-4146-95D6-09655B494122}.Debug|Any CPU.ActiveCfg = Debug|Any CPU
		{961C7D4D-8DCB-4146-95D6-09655B494122}.Debug|Any CPU.Build.0 = Debug|Any CPU
		{961C7D4D-8DCB-4146-95D6-09655B494122}.Release|Any CPU.ActiveCfg = Release|Any CPU
		{961C7D4D-8DCB-4146-95D6-09655B494122}.Release|Any CPU.Build.0 = Release|Any CPU
	EndGlobalSection
	GlobalSection(SolutionProperties) = preSolution
		HideSolutionNode = FALSE
	EndGlobalSection
	GlobalSection(ExtensibilityGlobals) = postSolution
		SolutionGuid = {22CE1BF4-4B22-45CC-BB42-FC24F3ED1820}
	EndGlobalSection
EndGlobal
